
Microsoft Visual Studio Solution File, Format Version 12.00
# Visual Studio Version 17
VisualStudioVersion = 17.14.36127.28 d17.14
MinimumVisualStudioVersion = 10.0.40219.1
Project("{FAE04EC0-301F-11D3-BF4B-00C04F79EFBC}") = "ConstructorsAndMethods", "ConstructorsAndMethods\ConstructorsAndMethods.csproj", "{4DB54B42-CADA-46E7-A0BA-1A76F70A7B4D}"
EndProject
Global
	GlobalSection(SolutionConfigurationPlatforms) = preSolution
		Debug|Any CPU = Debug|Any CPU
		Release|Any CPU = Release|Any CPU
	EndGlobalSection
	GlobalSection(ProjectConfigurationPlatforms) = postSolution
		{4DB54B42-CADA-46E7-A0BA-1A76F70A7B4D}.Debug|Any CPU.ActiveCfg = Debug|Any CPU
		{4DB54B42-CADA-46E7-A0BA-1A76F70A7B4D}.Debug|Any CPU.Build.0 = Debug|Any CPU
		{4DB54B42-CADA-46E7-A0BA-1A76F70A7B4D}.Release|Any CPU.ActiveCfg = Release|Any CPU
		{4DB54B42-CADA-46E7-A0BA-1A76F70A7B4D}.Release|Any CPU.Build.0 = Release|Any CPU
	EndGlobalSection
	GlobalSection(SolutionProperties) = preSolution
		HideSolutionNode = FALSE
	EndGlobalSection
	GlobalSection(ExtensibilityGlobals) = postSolution
		SolutionGuid = {3DFE40A4-F6E2-4A78-AC86-B830CF7FC9D0}
	EndGlobalSection
EndGlobal
