
Microsoft Visual Studio Solution File, Format Version 12.00
# Visual Studio Version 17
VisualStudioVersion = 17.14.36127.28 d17.14
MinimumVisualStudioVersion = 10.0.40219.1
Project("{FAE04EC0-301F-11D3-BF4B-00C04F79EFBC}") = "ClassesAndObjects", "ClassesAndObjects\ClassesAndObjects.csproj", "{D4745A06-C878-4CC4-8B5E-47952E2A8F47}"
EndProject
Global
	GlobalSection(SolutionConfigurationPlatforms) = preSolution
		Debug|Any CPU = Debug|Any CPU
		Release|Any CPU = Release|Any CPU
	EndGlobalSection
	GlobalSection(ProjectConfigurationPlatforms) = postSolution
		{D4745A06-C878-4CC4-8B5E-47952E2A8F47}.Debug|Any CPU.ActiveCfg = Debug|Any CPU
		{D4745A06-C878-4CC4-8B5E-47952E2A8F47}.Debug|Any CPU.Build.0 = Debug|Any CPU
		{D4745A06-C878-4CC4-8B5E-47952E2A8F47}.Release|Any CPU.ActiveCfg = Release|Any CPU
		{D4745A06-C878-4CC4-8B5E-47952E2A8F47}.Release|Any CPU.Build.0 = Release|Any CPU
	EndGlobalSection
	GlobalSection(SolutionProperties) = preSolution
		HideSolutionNode = FALSE
	EndGlobalSection
	GlobalSection(ExtensibilityGlobals) = postSolution
		SolutionGuid = {1FFDEEEB-5633-493E-AB7F-D8D9954A1181}
	EndGlobalSection
EndGlobal
