
Microsoft Visual Studio Solution File, Format Version 12.00
# Visual Studio Version 17
VisualStudioVersion = 17.14.36127.28 d17.14
MinimumVisualStudioVersion = 10.0.40219.1
Project("{FAE04EC0-301F-11D3-BF4B-00C04F79EFBC}") = "Student Manager", "Student Manager\Student Manager.csproj", "{CE5E2415-C6BA-4D0D-A1B7-99EF232B146E}"
EndProject
Global
	GlobalSection(SolutionConfigurationPlatforms) = preSolution
		Debug|Any CPU = Debug|Any CPU
		Release|Any CPU = Release|Any CPU
	EndGlobalSection
	GlobalSection(ProjectConfigurationPlatforms) = postSolution
		{CE5E2415-C6BA-4D0D-A1B7-99EF232B146E}.Debug|Any CPU.ActiveCfg = Debug|Any CPU
		{CE5E2415-C6BA-4D0D-A1B7-99EF232B146E}.Debug|Any CPU.Build.0 = Debug|Any CPU
		{CE5E2415-C6BA-4D0D-A1B7-99EF232B146E}.Release|Any CPU.ActiveCfg = Release|Any CPU
		{CE5E2415-C6BA-4D0D-A1B7-99EF232B146E}.Release|Any CPU.Build.0 = Release|Any CPU
	EndGlobalSection
	GlobalSection(SolutionProperties) = preSolution
		HideSolutionNode = FALSE
	EndGlobalSection
	GlobalSection(ExtensibilityGlobals) = postSolution
		SolutionGuid = {8C28F80E-5054-443D-86B6-F347537E2D56}
	EndGlobalSection
EndGlobal
